
Microsoft Visual Studio Solution File, Format Version 12.00
# Visual Studio Version 16
VisualStudioVersion = 16.0.30104.148
MinimumVisualStudioVersion = 10.0.40219.1
Project("{FAE04EC0-301F-11D3-BF4B-00C04F79EFBC}") = "SayisalLoto", "SayisalLoto\SayisalLoto.csproj", "{2DD04163-477E-44E6-ADEF-A5EF17D9E645}"
EndProject
Global
	GlobalSection(SolutionConfigurationPlatforms) = preSolution
		Debug|Any CPU = Debug|Any CPU
		Release|Any CPU = Release|Any CPU
	EndGlobalSection
	GlobalSection(ProjectConfigurationPlatforms) = postSolution
		{2DD04163-477E-44E6-ADEF-A5EF17D9E645}.Debug|Any CPU.ActiveCfg = Debug|Any CPU
		{2DD04163-477E-44E6-ADEF-A5EF17D9E645}.Debug|Any CPU.Build.0 = Debug|Any CPU
		{2DD04163-477E-44E6-ADEF-A5EF17D9E645}.Release|Any CPU.ActiveCfg = Release|Any CPU
		{2DD04163-477E-44E6-ADEF-A5EF17D9E645}.Release|Any CPU.Build.0 = Release|Any CPU
	EndGlobalSection
	GlobalSection(SolutionProperties) = preSolution
		HideSolutionNode = FALSE
	EndGlobalSection
	GlobalSection(ExtensibilityGlobals) = postSolution
		SolutionGuid = {2FBF73EC-2C3B-41F7-A15E-806915C66F2B}
	EndGlobalSection
EndGlobal
